// !$*UTF8*$!
{
	archiveVersion = 1;
	classes = {
	};
	objectVersion = 56;
	objects = {

/* Begin PBXBuildFile section */
		31BF062729AB1C1C000A1C14 /* AppDelegate.swift in Sources */ = {isa = PBXBuildFile; fileRef = 31BF062629AB1C1C000A1C14 /* AppDelegate.swift */; };
		31BF062929AB1C1C000A1C14 /* SceneDelegate.swift in Sources */ = {isa = PBXBuildFile; fileRef = 31BF062829AB1C1C000A1C14 /* SceneDelegate.swift */; };
		31BF062B29AB1C1C000A1C14 /* ViewController.swift in Sources */ = {isa = PBXBuildFile; fileRef = 31BF062A29AB1C1C000A1C14 /* ViewController.swift */; };
		31BF062E29AB1C1C000A1C14 /* Main.storyboard in Resources */ = {isa = PBXBuildFile; fileRef = 31BF062C29AB1C1C000A1C14 /* Main.storyboard */; };
		31BF063129AB1C1C000A1C14 /* FreeOnboarding1.xcdatamodeld in Sources */ = {isa = PBXBuildFile; fileRef = 31BF062F29AB1C1C000A1C14 /* FreeOnboarding1.xcdatamodeld */; };
		31BF063329AB1C1D000A1C14 /* Assets.xcassets in Resources */ = {isa = PBXBuildFile; fileRef = 31BF063229AB1C1D000A1C14 /* Assets.xcassets */; };
		31BF063629AB1C1D000A1C14 /* LaunchScreen.storyboard in Resources */ = {isa = PBXBuildFile; fileRef = 31BF063429AB1C1D000A1C14 /* LaunchScreen.storyboard */; };
		31BF064129AB1C1D000A1C14 /* FreeOnboarding1Tests.swift in Sources */ = {isa = PBXBuildFile; fileRef = 31BF064029AB1C1D000A1C14 /* FreeOnboarding1Tests.swift */; };
		31BF064B29AB1C1D000A1C14 /* FreeOnboarding1UITests.swift in Sources */ = {isa = PBXBuildFile; fileRef = 31BF064A29AB1C1D000A1C14 /* FreeOnboarding1UITests.swift */; };
		31BF064D29AB1C1D000A1C14 /* FreeOnboarding1UITestsLaunchTests.swift in Sources */ = {isa = PBXBuildFile; fileRef = 31BF064C29AB1C1D000A1C14 /* FreeOnboarding1UITestsLaunchTests.swift */; };
/* End PBXBuildFile section */

/* Begin PBXContainerItemProxy section */
		31BF063D29AB1C1D000A1C14 /* PBXContainerItemProxy */ = {
			isa = PBXContainerItemProxy;
			containerPortal = 31BF061B29AB1C1C000A1C14 /* Project object */;
			proxyType = 1;
			remoteGlobalIDString = 31BF062229AB1C1C000A1C14;
			remoteInfo = FreeOnboarding1;
		};
		31BF064729AB1C1D000A1C14 /* PBXContainerItemProxy */ = {
			isa = PBXContainerItemProxy;
			containerPortal = 31BF061B29AB1C1C000A1C14 /* Project object */;
			proxyType = 1;
			remoteGlobalIDString = 31BF062229AB1C1C000A1C14;
			remoteInfo = FreeOnboarding1;
		};
/* End PBXContainerItemProxy section */

/* Begin PBXFileReference section */
		31BF062329AB1C1C000A1C14 /* FreeOnboarding1.app */ = {isa = PBXFileReference; explicitFileType = wrapper.application; includeInIndex = 0; path = FreeOnboarding1.app; sourceTree = BUILT_PRODUCTS_DIR; };
		31BF062629AB1C1C000A1C14 /* AppDelegate.swift */ = {isa = PBXFileReference; lastKnownFileType = sourcecode.swift; path = AppDelegate.swift; sourceTree = "<group>"; };
		31BF062829AB1C1C000A1C14 /* SceneDelegate.swift */ = {isa = PBXFileReference; lastKnownFileType = sourcecode.swift; path = SceneDelegate.swift; sourceTree = "<group>"; };
		31BF062A29AB1C1C000A1C14 /* ViewController.swift */ = {isa = PBXFileReference; lastKnownFileType = sourcecode.swift; path = ViewController.swift; sourceTree = "<group>"; };
		31BF062D29AB1C1C000A1C14 /* Base */ = {isa = PBXFileReference; lastKnownFileType = file.storyboard; name = Base; path = Base.lproj/Main.storyboard; sourceTree = "<group>"; };
		31BF063029AB1C1C000A1C14 /* FreeOnboarding1.xcdatamodel */ = {isa = PBXFileReference; lastKnownFileType = wrapper.xcdatamodel; path = FreeOnboarding1.xcdatamodel; sourceTree = "<group>"; };
		31BF063229AB1C1D000A1C14 /* Assets.xcassets */ = {isa = PBXFileReference; lastKnownFileType = folder.assetcatalog; path = Assets.xcassets; sourceTree = "<group>"; };
		31BF063529AB1C1D000A1C14 /* Base */ = {isa = PBXFileReference; lastKnownFileType = file.storyboard; name = Base; path = Base.lproj/LaunchScreen.storyboard; sourceTree = "<group>"; };
		31BF063729AB1C1D000A1C14 /* Info.plist */ = {isa = PBXFileReference; lastKnownFileType = text.plist.xml; path = Info.plist; sourceTree = "<group>"; };
		31BF063C29AB1C1D000A1C14 /* FreeOnboarding1Tests.xctest */ = {isa = PBXFileReference; explicitFileType = wrapper.cfbundle; includeInIndex = 0; path = FreeOnboarding1Tests.xctest; sourceTree = BUILT_PRODUCTS_DIR; };
		31BF064029AB1C1D000A1C14 /* FreeOnboarding1Tests.swift */ = {isa = PBXFileReference; lastKnownFileType = sourcecode.swift; path = FreeOnboarding1Tests.swift; sourceTree = "<group>"; };
		31BF064629AB1C1D000A1C14 /* FreeOnboarding1UITests.xctest */ = {isa = PBXFileReference; explicitFileType = wrapper.cfbundle; includeInIndex = 0; path = FreeOnboarding1UITests.xctest; sourceTree = BUILT_PRODUCTS_DIR; };
		31BF064A29AB1C1D000A1C14 /* FreeOnboarding1UITests.swift */ = {isa = PBXFileReference; lastKnownFileType = sourcecode.swift; path = FreeOnboarding1UITests.swift; sourceTree = "<group>"; };
		31BF064C29AB1C1D000A1C14 /* FreeOnboarding1UITestsLaunchTests.swift */ = {isa = PBXFileReference; lastKnownFileType = sourcecode.swift; path = FreeOnboarding1UITestsLaunchTests.swift; sourceTree = "<group>"; };
/* End PBXFileReference section */

/* Begin PBXFrameworksBuildPhase section */
		31BF062029AB1C1C000A1C14 /* Frameworks */ = {
			isa = PBXFrameworksBuildPhase;
			buildActionMask = 2147483647;
			files = (
			);
			runOnlyForDeploymentPostprocessing = 0;
		};
		31BF063929AB1C1D000A1C14 /* Frameworks */ = {
			isa = PBXFrameworksBuildPhase;
			buildActionMask = 2147483647;
			files = (
			);
			runOnlyForDeploymentPostprocessing = 0;
		};
		31BF064329AB1C1D000A1C14 /* Frameworks */ = {
			isa = PBXFrameworksBuildPhase;
			buildActionMask = 2147483647;
			files = (
			);
			runOnlyForDeploymentPostprocessing = 0;
		};
/* End PBXFrameworksBuildPhase section */

/* Begin PBXGroup section */
		31BF061A29AB1C1C000A1C14 = {
			isa = PBXGroup;
			children = (
				31BF062529AB1C1C000A1C14 /* FreeOnboarding1 */,
				31BF063F29AB1C1D000A1C14 /* FreeOnboarding1Tests */,
				31BF064929AB1C1D000A1C14 /* FreeOnboarding1UITests */,
				31BF062429AB1C1C000A1C14 /* Products */,
			);
			sourceTree = "<group>";
		};
		31BF062429AB1C1C000A1C14 /* Products */ = {
			isa = PBXGroup;
			children = (
				31BF062329AB1C1C000A1C14 /* FreeOnboarding1.app */,
				31BF063C29AB1C1D000A1C14 /* FreeOnboarding1Tests.xctest */,
				31BF064629AB1C1D000A1C14 /* FreeOnboarding1UITests.xctest */,
			);
			name = Products;
			sourceTree = "<group>";
		};
		31BF062529AB1C1C000A1C14 /* FreeOnboarding1 */ = {
			isa = PBXGroup;
			children = (
				31BF062629AB1C1C000A1C14 /* AppDelegate.swift */,
				31BF062829AB1C1C000A1C14 /* SceneDelegate.swift */,
				31BF062A29AB1C1C000A1C14 /* ViewController.swift */,
				31BF062C29AB1C1C000A1C14 /* Main.storyboard */,
				31BF063229AB1C1D000A1C14 /* Assets.xcassets */,
				31BF063429AB1C1D000A1C14 /* LaunchScreen.storyboard */,
				31BF063729AB1C1D000A1C14 /* Info.plist */,
				31BF062F29AB1C1C000A1C14 /* FreeOnboarding1.xcdatamodeld */,
			);
			path = FreeOnboarding1;
			sourceTree = "<group>";
		};
		31BF063F29AB1C1D000A1C14 /* FreeOnboarding1Tests */ = {
			isa = PBXGroup;
			children = (
				31BF064029AB1C1D000A1C14 /* FreeOnboarding1Tests.swift */,
			);
			path = FreeOnboarding1Tests;
			sourceTree = "<group>";
		};
		31BF064929AB1C1D000A1C14 /* FreeOnboarding1UITests */ = {
			isa = PBXGroup;
			children = (
				31BF064A29AB1C1D000A1C14 /* FreeOnboarding1UITests.swift */,
				31BF064C29AB1C1D000A1C14 /* FreeOnboarding1UITestsLaunchTests.swift */,
			);
			path = FreeOnboarding1UITests;
			sourceTree = "<group>";
		};
/* End PBXGroup section */

/* Begin PBXNativeTarget section */
		31BF062229AB1C1C000A1C14 /* FreeOnboarding1 */ = {
			isa = PBXNativeTarget;
			buildConfigurationList = 31BF065029AB1C1D000A1C14 /* Build configuration list for PBXNativeTarget "FreeOnboarding1" */;
			buildPhases = (
				31BF061F29AB1C1C000A1C14 /* Sources */,
				31BF062029AB1C1C000A1C14 /* Frameworks */,
				31BF062129AB1C1C000A1C14 /* Resources */,
			);
			buildRules = (
			);
			dependencies = (
			);
			name = FreeOnboarding1;
			productName = FreeOnboarding1;
			productReference = 31BF062329AB1C1C000A1C14 /* FreeOnboarding1.app */;
			productType = "com.apple.product-type.application";
		};
		31BF063B29AB1C1D000A1C14 /* FreeOnboarding1Tests */ = {
			isa = PBXNativeTarget;
			buildConfigurationList = 31BF065329AB1C1D000A1C14 /* Build configuration list for PBXNativeTarget "FreeOnboarding1Tests" */;
			buildPhases = (
				31BF063829AB1C1D000A1C14 /* Sources */,
				31BF063929AB1C1D000A1C14 /* Frameworks */,
				31BF063A29AB1C1D000A1C14 /* Resources */,
			);
			buildRules = (
			);
			dependencies = (
				31BF063E29AB1C1D000A1C14 /* PBXTargetDependency */,
			);
			name = FreeOnboarding1Tests;
			productName = FreeOnboarding1Tests;
			productReference = 31BF063C29AB1C1D000A1C14 /* FreeOnboarding1Tests.xctest */;
			productType = "com.apple.product-type.bundle.unit-test";
		};
		31BF064529AB1C1D000A1C14 /* FreeOnboarding1UITests */ = {
			isa = PBXNativeTarget;
			buildConfigurationList = 31BF065629AB1C1D000A1C14 /* Build configuration list for PBXNativeTarget "FreeOnboarding1UITests" */;
			buildPhases = (
				31BF064229AB1C1D000A1C14 /* Sources */,
				31BF064329AB1C1D000A1C14 /* Frameworks */,
				31BF064429AB1C1D000A1C14 /* Resources */,
			);
			buildRules = (
			);
			dependencies = (
				31BF064829AB1C1D000A1C14 /* PBXTargetDependency */,
			);
			name = FreeOnboarding1UITests;
			productName = FreeOnboarding1UITests;
			productReference = 31BF064629AB1C1D000A1C14 /* FreeOnboarding1UITests.xctest */;
			productType = "com.apple.product-type.bundle.ui-testing";
		};
/* End PBXNativeTarget section */

/* Begin PBXProject section */
		31BF061B29AB1C1C000A1C14 /* Project object */ = {
			isa = PBXProject;
			attributes = {
				BuildIndependentTargetsInParallel = 1;
				LastSwiftUpdateCheck = 1420;
				LastUpgradeCheck = 1420;
				TargetAttributes = {
					31BF062229AB1C1C000A1C14 = {
						CreatedOnToolsVersion = 14.2;
					};
					31BF063B29AB1C1D000A1C14 = {
						CreatedOnToolsVersion = 14.2;
						TestTargetID = 31BF062229AB1C1C000A1C14;
					};
					31BF064529AB1C1D000A1C14 = {
						CreatedOnToolsVersion = 14.2;
						TestTargetID = 31BF062229AB1C1C000A1C14;
					};
				};
			};
			buildConfigurationList = 31BF061E29AB1C1C000A1C14 /* Build configuration list for PBXProject "FreeOnboarding1" */;
			compatibilityVersion = "Xcode 14.0";
			developmentRegion = en;
			hasScannedForEncodings = 0;
			knownRegions = (
				en,
				Base,
			);
			mainGroup = 31BF061A29AB1C1C000A1C14;
			productRefGroup = 31BF062429AB1C1C000A1C14 /* Products */;
			projectDirPath = "";
			projectRoot = "";
			targets = (
				31BF062229AB1C1C000A1C14 /* FreeOnboarding1 */,
				31BF063B29AB1C1D000A1C14 /* FreeOnboarding1Tests */,
				31BF064529AB1C1D000A1C14 /* FreeOnboarding1UITests */,
			);
		};
/* End PBXProject section */

/* Begin PBXResourcesBuildPhase section */
		31BF062129AB1C1C000A1C14 /* Resources */ = {
			isa = PBXResourcesBuildPhase;
			buildActionMask = 2147483647;
			files = (
				31BF063629AB1C1D000A1C14 /* LaunchScreen.storyboard in Resources */,
				31BF063329AB1C1D000A1C14 /* Assets.xcassets in Resources */,
				31BF062E29AB1C1C000A1C14 /* Main.storyboard in Resources */,
			);
			runOnlyForDeploymentPostprocessing = 0;
		};
		31BF063A29AB1C1D000A1C14 /* Resources */ = {
			isa = PBXResourcesBuildPhase;
			buildActionMask = 2147483647;
			files = (
			);
			runOnlyForDeploymentPostprocessing = 0;
		};
		31BF064429AB1C1D000A1C14 /* Resources */ = {
			isa = PBXResourcesBuildPhase;
			buildActionMask = 2147483647;
			files = (
			);
			runOnlyForDeploymentPostprocessing = 0;
		};
/* End PBXResourcesBuildPhase section */

/* Begin PBXSourcesBuildPhase section */
		31BF061F29AB1C1C000A1C14 /* Sources */ = {
			isa = PBXSourcesBuildPhase;
			buildActionMask = 2147483647;
			files = (
				31BF062B29AB1C1C000A1C14 /* ViewController.swift in Sources */,
				31BF062729AB1C1C000A1C14 /* AppDelegate.swift in Sources */,
				31BF063129AB1C1C000A1C14 /* FreeOnboarding1.xcdatamodeld in Sources */,
				31BF062929AB1C1C000A1C14 /* SceneDelegate.swift in Sources */,
			);
			runOnlyForDeploymentPostprocessing = 0;
		};
		31BF063829AB1C1D000A1C14 /* Sources */ = {
			isa = PBXSourcesBuildPhase;
			buildActionMask = 2147483647;
			files = (
				31BF064129AB1C1D000A1C14 /* FreeOnboarding1Tests.swift in Sources */,
			);
			runOnlyForDeploymentPostprocessing = 0;
		};
		31BF064229AB1C1D000A1C14 /* Sources */ = {
			isa = PBXSourcesBuildPhase;
			buildActionMask = 2147483647;
			files = (
				31BF064B29AB1C1D000A1C14 /* FreeOnboarding1UITests.swift in Sources */,
				31BF064D29AB1C1D000A1C14 /* FreeOnboarding1UITestsLaunchTests.swift in Sources */,
			);
			runOnlyForDeploymentPostprocessing = 0;
		};
/* End PBXSourcesBuildPhase section */

/* Begin PBXTargetDependency section */
		31BF063E29AB1C1D000A1C14 /* PBXTargetDependency */ = {
			isa = PBXTargetDependency;
			target = 31BF062229AB1C1C000A1C14 /* FreeOnboarding1 */;
			targetProxy = 31BF063D29AB1C1D000A1C14 /* PBXContainerItemProxy */;
		};
		31BF064829AB1C1D000A1C14 /* PBXTargetDependency */ = {
			isa = PBXTargetDependency;
			target = 31BF062229AB1C1C000A1C14 /* FreeOnboarding1 */;
			targetProxy = 31BF064729AB1C1D000A1C14 /* PBXContainerItemProxy */;
		};
/* End PBXTargetDependency section */

/* Begin PBXVariantGroup section */
		31BF062C29AB1C1C000A1C14 /* Main.storyboard */ = {
			isa = PBXVariantGroup;
			children = (
				31BF062D29AB1C1C000A1C14 /* Base */,
			);
			name = Main.storyboard;
			sourceTree = "<group>";
		};
		31BF063429AB1C1D000A1C14 /* LaunchScreen.storyboard */ = {
			isa = PBXVariantGroup;
			children = (
				31BF063529AB1C1D000A1C14 /* Base */,
			);
			name = LaunchScreen.storyboard;
			sourceTree = "<group>";
		};
/* End PBXVariantGroup section */

/* Begin XCBuildConfiguration section */
		31BF064E29AB1C1D000A1C14 /* Debug */ = {
			isa = XCBuildConfiguration;
			buildSettings = {
				ALWAYS_SEARCH_USER_PATHS = NO;
				CLANG_ANALYZER_NONNULL = YES;
				CLANG_ANALYZER_NUMBER_OBJECT_CONVERSION = YES_AGGRESSIVE;
				CLANG_CXX_LANGUAGE_STANDARD = "gnu++20";
				CLANG_ENABLE_MODULES = YES;
				CLANG_ENABLE_OBJC_ARC = YES;
				CLANG_ENABLE_OBJC_WEAK = YES;
				CLANG_WARN_BLOCK_CAPTURE_AUTORELEASING = YES;
				CLANG_WARN_BOOL_CONVERSION = YES;
				CLANG_WARN_COMMA = YES;
				CLANG_WARN_CONSTANT_CONVERSION = YES;
				CLANG_WARN_DEPRECATED_OBJC_IMPLEMENTATIONS = YES;
				CLANG_WARN_DIRECT_OBJC_ISA_USAGE = YES_ERROR;
				CLANG_WARN_DOCUMENTATION_COMMENTS = YES;
				CLANG_WARN_EMPTY_BODY = YES;
				CLANG_WARN_ENUM_CONVERSION = YES;
				CLANG_WARN_INFINITE_RECURSION = YES;
				CLANG_WARN_INT_CONVERSION = YES;
				CLANG_WARN_NON_LITERAL_NULL_CONVERSION = YES;
				CLANG_WARN_OBJC_IMPLICIT_RETAIN_SELF = YES;
				CLANG_WARN_OBJC_LITERAL_CONVERSION = YES;
				CLANG_WARN_OBJC_ROOT_CLASS = YES_ERROR;
				CLANG_WARN_QUOTED_INCLUDE_IN_FRAMEWORK_HEADER = YES;
				CLANG_WARN_RANGE_LOOP_ANALYSIS = YES;
				CLANG_WARN_STRICT_PROTOTYPES = YES;
				CLANG_WARN_SUSPICIOUS_MOVE = YES;
				CLANG_WARN_UNGUARDED_AVAILABILITY = YES_AGGRESSIVE;
				CLANG_WARN_UNREACHABLE_CODE = YES;
				CLANG_WARN__DUPLICATE_METHOD_MATCH = YES;
				COPY_PHASE_STRIP = NO;
				DEBUG_INFORMATION_FORMAT = dwarf;
				ENABLE_STRICT_OBJC_MSGSEND = YES;
				ENABLE_TESTABILITY = YES;
				GCC_C_LANGUAGE_STANDARD = gnu11;
				GCC_DYNAMIC_NO_PIC = NO;
				GCC_NO_COMMON_BLOCKS = YES;
				GCC_OPTIMIZATION_LEVEL = 0;
				GCC_PREPROCESSOR_DEFINITIONS = (
					"DEBUG=1",
					"$(inherited)",
				);
				GCC_WARN_64_TO_32_BIT_CONVERSION = YES;
				GCC_WARN_ABOUT_RETURN_TYPE = YES_ERROR;
				GCC_WARN_UNDECLARED_SELECTOR = YES;
				GCC_WARN_UNINITIALIZED_AUTOS = YES_AGGRESSIVE;
				GCC_WARN_UNUSED_FUNCTION = YES;
				GCC_WARN_UNUSED_VARIABLE = YES;
				IPHONEOS_DEPLOYMENT_TARGET = 16.2;
				MTL_ENABLE_DEBUG_INFO = INCLUDE_SOURCE;
				MTL_FAST_MATH = YES;
				ONLY_ACTIVE_ARCH = YES;
				SDKROOT = iphoneos;
				SWIFT_ACTIVE_COMPILATION_CONDITIONS = DEBUG;
				SWIFT_OPTIMIZATION_LEVEL = "-Onone";
			};
			name = Debug;
		};
		31BF064F29AB1C1D000A1C14 /* Release */ = {
			isa = XCBuildConfiguration;
			buildSettings = {
				ALWAYS_SEARCH_USER_PATHS = NO;
				CLANG_ANALYZER_NONNULL = YES;
				CLANG_ANALYZER_NUMBER_OBJECT_CONVERSION = YES_AGGRESSIVE;
				CLANG_CXX_LANGUAGE_STANDARD = "gnu++20";
				CLANG_ENABLE_MODULES = YES;
				CLANG_ENABLE_OBJC_ARC = YES;
				CLANG_ENABLE_OBJC_WEAK = YES;
				CLANG_WARN_BLOCK_CAPTURE_AUTORELEASING = YES;
				CLANG_WARN_BOOL_CONVERSION = YES;
				CLANG_WARN_COMMA = YES;
				CLANG_WARN_CONSTANT_CONVERSION = YES;
				CLANG_WARN_DEPRECATED_OBJC_IMPLEMENTATIONS = YES;
				CLANG_WARN_DIRECT_OBJC_ISA_USAGE = YES_ERROR;
				CLANG_WARN_DOCUMENTATION_COMMENTS = YES;
				CLANG_WARN_EMPTY_BODY = YES;
				CLANG_WARN_ENUM_CONVERSION = YES;
				CLANG_WARN_INFINITE_RECURSION = YES;
				CLANG_WARN_INT_CONVERSION = YES;
				CLANG_WARN_NON_LITERAL_NULL_CONVERSION = YES;
				CLANG_WARN_OBJC_IMPLICIT_RETAIN_SELF = YES;
				CLANG_WARN_OBJC_LITERAL_CONVERSION = YES;
				CLANG_WARN_OBJC_ROOT_CLASS = YES_ERROR;
				CLANG_WARN_QUOTED_INCLUDE_IN_FRAMEWORK_HEADER = YES;
				CLANG_WARN_RANGE_LOOP_ANALYSIS = YES;
				CLANG_WARN_STRICT_PROTOTYPES = YES;
				CLANG_WARN_SUSPICIOUS_MOVE = YES;
				CLANG_WARN_UNGUARDED_AVAILABILITY = YES_AGGRESSIVE;
				CLANG_WARN_UNREACHABLE_CODE = YES;
				CLANG_WARN__DUPLICATE_METHOD_MATCH = YES;
				COPY_PHASE_STRIP = NO;
				DEBUG_INFORMATION_FORMAT = "dwarf-with-dsym";
				ENABLE_NS_ASSERTIONS = NO;
				ENABLE_STRICT_OBJC_MSGSEND = YES;
				GCC_C_LANGUAGE_STANDARD = gnu11;
				GCC_NO_COMMON_BLOCKS = YES;
				GCC_WARN_64_TO_32_BIT_CONVERSION = YES;
				GCC_WARN_ABOUT_RETURN_TYPE = YES_ERROR;
				GCC_WARN_UNDECLARED_SELECTOR = YES;
				GCC_WARN_UNINITIALIZED_AUTOS = YES_AGGRESSIVE;
				GCC_WARN_UNUSED_FUNCTION = YES;
				GCC_WARN_UNUSED_VARIABLE = YES;
				IPHONEOS_DEPLOYMENT_TARGET = 16.2;
				MTL_ENABLE_DEBUG_INFO = NO;
				MTL_FAST_MATH = YES;
				SDKROOT = iphoneos;
				SWIFT_COMPILATION_MODE = wholemodule;
				SWIFT_OPTIMIZATION_LEVEL = "-O";
				VALIDATE_PRODUCT = YES;
			};
			name = Release;
		};
		31BF065129AB1C1D000A1C14 /* Debug */ = {
			isa = XCBuildConfiguration;
			buildSettings = {
				ASSETCATALOG_COMPILER_APPICON_NAME = AppIcon;
				ASSETCATALOG_COMPILER_GLOBAL_ACCENT_COLOR_NAME = AccentColor;
				CODE_SIGN_STYLE = Automatic;
				CURRENT_PROJECT_VERSION = 1;
				DEVELOPMENT_TEAM = A44U4A2F2G;
				GENERATE_INFOPLIST_FILE = YES;
				INFOPLIST_FILE = FreeOnboarding1/Info.plist;
				INFOPLIST_KEY_UIApplicationSupportsIndirectInputEvents = YES;
				INFOPLIST_KEY_UILaunchStoryboardName = LaunchScreen;
				INFOPLIST_KEY_UIMainStoryboardFile = Main;
				INFOPLIST_KEY_UISupportedInterfaceOrientations_iPad = "UIInterfaceOrientationPortrait UIInterfaceOrientationPortraitUpsideDown UIInterfaceOrientationLandscapeLeft UIInterfaceOrientationLandscapeRight";
				INFOPLIST_KEY_UISupportedInterfaceOrientations_iPhone = "UIInterfaceOrientationPortrait UIInterfaceOrientationLandscapeLeft UIInterfaceOrientationLandscapeRight";
				LD_RUNPATH_SEARCH_PATHS = (
					"$(inherited)",
					"@executable_path/Frameworks",
				);
				MARKETING_VERSION = 1.0;
				PRODUCT_BUNDLE_IDENTIFIER = com.x.FreeOnboarding1;
				PRODUCT_NAME = "$(TARGET_NAME)";
				SWIFT_EMIT_LOC_STRINGS = YES;
				SWIFT_VERSION = 5.0;
				TARGETED_DEVICE_FAMILY = "1,2";
			};
			name = Debug;
		};
		31BF065229AB1C1D000A1C14 /* Release */ = {
			isa = XCBuildConfiguration;
			buildSettings = {
				ASSETCATALOG_COMPILER_APPICON_NAME = AppIcon;
				ASSETCATALOG_COMPILER_GLOBAL_ACCENT_COLOR_NAME = AccentColor;
				CODE_SIGN_STYLE = Automatic;
				CURRENT_PROJECT_VERSION = 1;
				DEVELOPMENT_TEAM = A44U4A2F2G;
				GENERATE_INFOPLIST_FILE = YES;
				INFOPLIST_FILE = FreeOnboarding1/Info.plist;
				INFOPLIST_KEY_UIApplicationSupportsIndirectInputEvents = YES;
				INFOPLIST_KEY_UILaunchStoryboardName = LaunchScreen;
				INFOPLIST_KEY_UIMainStoryboardFile = Main;
				INFOPLIST_KEY_UISupportedInterfaceOrientations_iPad = "UIInterfaceOrientationPortrait UIInterfaceOrientationPortraitUpsideDown UIInterfaceOrientationLandscapeLeft UIInterfaceOrientationLandscapeRight";
				INFOPLIST_KEY_UISupportedInterfaceOrientations_iPhone = "UIInterfaceOrientationPortrait UIInterfaceOrientationLandscapeLeft UIInterfaceOrientationLandscapeRight";
				LD_RUNPATH_SEARCH_PATHS = (
					"$(inherited)",
					"@executable_path/Frameworks",
				);
				MARKETING_VERSION = 1.0;
				PRODUCT_BUNDLE_IDENTIFIER = com.x.FreeOnboarding1;
				PRODUCT_NAME = "$(TARGET_NAME)";
				SWIFT_EMIT_LOC_STRINGS = YES;
				SWIFT_VERSION = 5.0;
				TARGETED_DEVICE_FAMILY = "1,2";
			};
			name = Release;
		};
		31BF065429AB1C1D000A1C14 /* Debug */ = {
			isa = XCBuildConfiguration;
			buildSettings = {
				ALWAYS_EMBED_SWIFT_STANDARD_LIBRARIES = YES;
				BUNDLE_LOADER = "$(TEST_HOST)";
				CODE_SIGN_STYLE = Automatic;
				CURRENT_PROJECT_VERSION = 1;
				DEVELOPMENT_TEAM = A44U4A2F2G;
				GENERATE_INFOPLIST_FILE = YES;
				IPHONEOS_DEPLOYMENT_TARGET = 16.2;
				MARKETING_VERSION = 1.0;
				PRODUCT_BUNDLE_IDENTIFIER = com.x.FreeOnboarding1Tests;
				PRODUCT_NAME = "$(TARGET_NAME)";
				SWIFT_EMIT_LOC_STRINGS = NO;
				SWIFT_VERSION = 5.0;
				TARGETED_DEVICE_FAMILY = "1,2";
				TEST_HOST = "$(BUILT_PRODUCTS_DIR)/FreeOnboarding1.app/$(BUNDLE_EXECUTABLE_FOLDER_PATH)/FreeOnboarding1";
			};
			name = Debug;
		};
		31BF065529AB1C1D000A1C14 /* Release */ = {
			isa = XCBuildConfiguration;
			buildSettings = {
				ALWAYS_EMBED_SWIFT_STANDARD_LIBRARIES = YES;
				BUNDLE_LOADER = "$(TEST_HOST)";
				CODE_SIGN_STYLE = Automatic;
				CURRENT_PROJECT_VERSION = 1;
				DEVELOPMENT_TEAM = A44U4A2F2G;
				GENERATE_INFOPLIST_FILE = YES;
				IPHONEOS_DEPLOYMENT_TARGET = 16.2;
				MARKETING_VERSION = 1.0;
				PRODUCT_BUNDLE_IDENTIFIER = com.x.FreeOnboarding1Tests;
				PRODUCT_NAME = "$(TARGET_NAME)";
				SWIFT_EMIT_LOC_STRINGS = NO;
				SWIFT_VERSION = 5.0;
				TARGETED_DEVICE_FAMILY = "1,2";
				TEST_HOST = "$(BUILT_PRODUCTS_DIR)/FreeOnboarding1.app/$(BUNDLE_EXECUTABLE_FOLDER_PATH)/FreeOnboarding1";
			};
			name = Release;
		};
		31BF065729AB1C1D000A1C14 /* Debug */ = {
			isa = XCBuildConfiguration;
			buildSettings = {
				ALWAYS_EMBED_SWIFT_STANDARD_LIBRARIES = YES;
				CODE_SIGN_STYLE = Automatic;
				CURRENT_PROJECT_VERSION = 1;
				DEVELOPMENT_TEAM = A44U4A2F2G;
				GENERATE_INFOPLIST_FILE = YES;
				MARKETING_VERSION = 1.0;
				PRODUCT_BUNDLE_IDENTIFIER = com.x.FreeOnboarding1UITests;
				PRODUCT_NAME = "$(TARGET_NAME)";
				SWIFT_EMIT_LOC_STRINGS = NO;
				SWIFT_VERSION = 5.0;
				TARGETED_DEVICE_FAMILY = "1,2";
				TEST_TARGET_NAME = FreeOnboarding1;
			};
			name = Debug;
		};
		31BF065829AB1C1D000A1C14 /* Release */ = {
			isa = XCBuildConfiguration;
			buildSettings = {
				ALWAYS_EMBED_SWIFT_STANDARD_LIBRARIES = YES;
				CODE_SIGN_STYLE = Automatic;
				CURRENT_PROJECT_VERSION = 1;
				DEVELOPMENT_TEAM = A44U4A2F2G;
				GENERATE_INFOPLIST_FILE = YES;
				MARKETING_VERSION = 1.0;
				PRODUCT_BUNDLE_IDENTIFIER = com.x.FreeOnboarding1UITests;
				PRODUCT_NAME = "$(TARGET_NAME)";
				SWIFT_EMIT_LOC_STRINGS = NO;
				SWIFT_VERSION = 5.0;
				TARGETED_DEVICE_FAMILY = "1,2";
				TEST_TARGET_NAME = FreeOnboarding1;
			};
			name = Release;
		};
/* End XCBuildConfiguration section */

/* Begin XCConfigurationList section */
		31BF061E29AB1C1C000A1C14 /* Build configuration list for PBXProject "FreeOnboarding1" */ = {
			isa = XCConfigurationList;
			buildConfigurations = (
				31BF064E29AB1C1D000A1C14 /* Debug */,
				31BF064F29AB1C1D000A1C14 /* Release */,
			);
			defaultConfigurationIsVisible = 0;
			defaultConfigurationName = Release;
		};
		31BF065029AB1C1D000A1C14 /* Build configuration list for PBXNativeTarget "FreeOnboarding1" */ = {
			isa = XCConfigurationList;
			buildConfigurations = (
				31BF065129AB1C1D000A1C14 /* Debug */,
				31BF065229AB1C1D000A1C14 /* Release */,
			);
			defaultConfigurationIsVisible = 0;
			defaultConfigurationName = Release;
		};
		31BF065329AB1C1D000A1C14 /* Build configuration list for PBXNativeTarget "FreeOnboarding1Tests" */ = {
			isa = XCConfigurationList;
			buildConfigurations = (
				31BF065429AB1C1D000A1C14 /* Debug */,
				31BF065529AB1C1D000A1C14 /* Release */,
			);
			defaultConfigurationIsVisible = 0;
			defaultConfigurationName = Release;
		};
		31BF065629AB1C1D000A1C14 /* Build configuration list for PBXNativeTarget "FreeOnboarding1UITests" */ = {
			isa = XCConfigurationList;
			buildConfigurations = (
				31BF065729AB1C1D000A1C14 /* Debug */,
				31BF065829AB1C1D000A1C14 /* Release */,
			);
			defaultConfigurationIsVisible = 0;
			defaultConfigurationName = Release;
		};
/* End XCConfigurationList section */

/* Begin XCVersionGroup section */
		31BF062F29AB1C1C000A1C14 /* FreeOnboarding1.xcdatamodeld */ = {
			isa = XCVersionGroup;
			children = (
				31BF063029AB1C1C000A1C14 /* FreeOnboarding1.xcdatamodel */,
			);
			currentVersion = 31BF063029AB1C1C000A1C14 /* FreeOnboarding1.xcdatamodel */;
			path = FreeOnboarding1.xcdatamodeld;
			sourceTree = "<group>";
			versionGroupType = wrapper.xcdatamodel;
		};
/* End XCVersionGroup section */
	};
	rootObject = 31BF061B29AB1C1C000A1C14 /* Project object */;
}
